
Microsoft Visual Studio Solution File, Format Version 12.00
# Visual Studio Version 16
VisualStudioVersion = 16.0.31729.503
MinimumVisualStudioVersion = 10.0.40219.1
Project("{FAE04EC0-301F-11D3-BF4B-00C04F79EFBC}") = "GroundStationTerminal", "ASQ_TermProject_Grp10\GroundStationTerminal.csproj", "{5A400E08-35B4-48B3-9E8B-F1FE5E0A367B}"
EndProject
Project("{FAE04EC0-301F-11D3-BF4B-00C04F79EFBC}") = "AircraftTransmissionSystem", "AircraftTransmissionSystem\AircraftTransmissionSystem.csproj", "{EC794AAF-006B-4CE1-B786-F8C9D2B99FC9}"
EndProject
Project("{FAE04EC0-301F-11D3-BF4B-00C04F79EFBC}") = "ATTS.Tests", "ATTS.Tests\ATTS.Tests.csproj", "{F7E583F9-F51E-4D59-A1D0-832907670A4C}"
EndProject
Project("{FAE04EC0-301F-11D3-BF4B-00C04F79EFBC}") = "GSTTests", "GSTTests\GSTTests.csproj", "{2D9F460E-6C2E-43BB-83FE-FBE37FF4A78A}"
EndProject
Project("{FAE04EC0-301F-11D3-BF4B-00C04F79EFBC}") = "FDMScommonLib", "FDMScommonLib\FDMScommonLib.csproj", "{A257DE9A-EA65-41B7-A7E2-D9D1DC568E2F}"
EndProject
Project("{FAE04EC0-301F-11D3-BF4B-00C04F79EFBC}") = "Database.Tests", "Database.Tests\Database.Tests.csproj", "{7548EAFF-21D8-4954-9FBB-5797AD908571}"
EndProject
Global
	GlobalSection(SolutionConfigurationPlatforms) = preSolution
		Debug|Any CPU = Debug|Any CPU
		Release|Any CPU = Release|Any CPU
	EndGlobalSection
	GlobalSection(ProjectConfigurationPlatforms) = postSolution
		{5A400E08-35B4-48B3-9E8B-F1FE5E0A367B}.Debug|Any CPU.ActiveCfg = Debug|Any CPU
		{5A400E08-35B4-48B3-9E8B-F1FE5E0A367B}.Debug|Any CPU.Build.0 = Debug|Any CPU
		{5A400E08-35B4-48B3-9E8B-F1FE5E0A367B}.Release|Any CPU.ActiveCfg = Release|Any CPU
		{5A400E08-35B4-48B3-9E8B-F1FE5E0A367B}.Release|Any CPU.Build.0 = Release|Any CPU
		{EC794AAF-006B-4CE1-B786-F8C9D2B99FC9}.Debug|Any CPU.ActiveCfg = Debug|Any CPU
		{EC794AAF-006B-4CE1-B786-F8C9D2B99FC9}.Debug|Any CPU.Build.0 = Debug|Any CPU
		{EC794AAF-006B-4CE1-B786-F8C9D2B99FC9}.Release|Any CPU.ActiveCfg = Release|Any CPU
		{EC794AAF-006B-4CE1-B786-F8C9D2B99FC9}.Release|Any CPU.Build.0 = Release|Any CPU
		{F7E583F9-F51E-4D59-A1D0-832907670A4C}.Debug|Any CPU.ActiveCfg = Debug|Any CPU
		{F7E583F9-F51E-4D59-A1D0-832907670A4C}.Debug|Any CPU.Build.0 = Debug|Any CPU
		{F7E583F9-F51E-4D59-A1D0-832907670A4C}.Release|Any CPU.ActiveCfg = Release|Any CPU
		{F7E583F9-F51E-4D59-A1D0-832907670A4C}.Release|Any CPU.Build.0 = Release|Any CPU
		{2D9F460E-6C2E-43BB-83FE-FBE37FF4A78A}.Debug|Any CPU.ActiveCfg = Debug|Any CPU
		{2D9F460E-6C2E-43BB-83FE-FBE37FF4A78A}.Debug|Any CPU.Build.0 = Debug|Any CPU
		{2D9F460E-6C2E-43BB-83FE-FBE37FF4A78A}.Release|Any CPU.ActiveCfg = Release|Any CPU
		{2D9F460E-6C2E-43BB-83FE-FBE37FF4A78A}.Release|Any CPU.Build.0 = Release|Any CPU
		{A257DE9A-EA65-41B7-A7E2-D9D1DC568E2F}.Debug|Any CPU.ActiveCfg = Debug|Any CPU
		{A257DE9A-EA65-41B7-A7E2-D9D1DC568E2F}.Debug|Any CPU.Build.0 = Debug|Any CPU
		{A257DE9A-EA65-41B7-A7E2-D9D1DC568E2F}.Release|Any CPU.ActiveCfg = Release|Any CPU
		{A257DE9A-EA65-41B7-A7E2-D9D1DC568E2F}.Release|Any CPU.Build.0 = Release|Any CPU
		{7548EAFF-21D8-4954-9FBB-5797AD908571}.Debug|Any CPU.ActiveCfg = Debug|Any CPU
		{7548EAFF-21D8-4954-9FBB-5797AD908571}.Debug|Any CPU.Build.0 = Debug|Any CPU
		{7548EAFF-21D8-4954-9FBB-5797AD908571}.Release|Any CPU.ActiveCfg = Release|Any CPU
		{7548EAFF-21D8-4954-9FBB-5797AD908571}.Release|Any CPU.Build.0 = Release|Any CPU
	EndGlobalSection
	GlobalSection(SolutionProperties) = preSolution
		HideSolutionNode = FALSE
	EndGlobalSection
	GlobalSection(ExtensibilityGlobals) = postSolution
		SolutionGuid = {5074DA3A-B7D5-48C0-B479-AB06F4AE3EA5}
	EndGlobalSection
EndGlobal
